
Microsoft Visual Studio Solution File, Format Version 12.00
# Visual Studio Version 17
VisualStudioVersion = 17.2.32630.192
MinimumVisualStudioVersion = 10.0.40219.1
Project("{FAE04EC0-301F-11D3-BF4B-00C04F79EFBC}") = "HeroesTour2", "HeroesTour2\HeroesTour2.csproj", "{C65F479A-4F5C-485F-A1E0-1F486BD94666}"
EndProject
Global
	GlobalSection(SolutionConfigurationPlatforms) = preSolution
		Debug|Any CPU = Debug|Any CPU
		Release|Any CPU = Release|Any CPU
	EndGlobalSection
	GlobalSection(ProjectConfigurationPlatforms) = postSolution
		{C65F479A-4F5C-485F-A1E0-1F486BD94666}.Debug|Any CPU.ActiveCfg = Debug|Any CPU
		{C65F479A-4F5C-485F-A1E0-1F486BD94666}.Debug|Any CPU.Build.0 = Debug|Any CPU
		{C65F479A-4F5C-485F-A1E0-1F486BD94666}.Release|Any CPU.ActiveCfg = Release|Any CPU
		{C65F479A-4F5C-485F-A1E0-1F486BD94666}.Release|Any CPU.Build.0 = Release|Any CPU
	EndGlobalSection
	GlobalSection(SolutionProperties) = preSolution
		HideSolutionNode = FALSE
	EndGlobalSection
	GlobalSection(ExtensibilityGlobals) = postSolution
		SolutionGuid = {EE860E2D-FA39-4ECD-A045-A21D1BD34E26}
	EndGlobalSection
EndGlobal
